
Microsoft Visual Studio Solution File, Format Version 12.00
# Visual Studio Version 16
VisualStudioVersion = 16.0.31911.196
MinimumVisualStudioVersion = 10.0.40219.1
Project("{FAE04EC0-301F-11D3-BF4B-00C04F79EFBC}") = "sistema de micelanea", "sistema de micelanea\sistema de micelanea.csproj", "{B182FD90-CF92-4AEE-8867-3E44F39F86D4}"
EndProject
Global
	GlobalSection(SolutionConfigurationPlatforms) = preSolution
		Debug|Any CPU = Debug|Any CPU
		Release|Any CPU = Release|Any CPU
	EndGlobalSection
	GlobalSection(ProjectConfigurationPlatforms) = postSolution
		{B182FD90-CF92-4AEE-8867-3E44F39F86D4}.Debug|Any CPU.ActiveCfg = Debug|Any CPU
		{B182FD90-CF92-4AEE-8867-3E44F39F86D4}.Debug|Any CPU.Build.0 = Debug|Any CPU
		{B182FD90-CF92-4AEE-8867-3E44F39F86D4}.Release|Any CPU.ActiveCfg = Release|Any CPU
		{B182FD90-CF92-4AEE-8867-3E44F39F86D4}.Release|Any CPU.Build.0 = Release|Any CPU
	EndGlobalSection
	GlobalSection(SolutionProperties) = preSolution
		HideSolutionNode = FALSE
	EndGlobalSection
	GlobalSection(ExtensibilityGlobals) = postSolution
		SolutionGuid = {4AEAC194-1EA9-409B-9718-AACBAA5ED95D}
	EndGlobalSection
EndGlobal
